
Microsoft Visual Studio Solution File, Format Version 12.00
# Visual Studio Version 17
VisualStudioVersion = 17.4.33110.190
MinimumVisualStudioVersion = 10.0.40219.1
Project("{FAE04EC0-301F-11D3-BF4B-00C04F79EFBC}") = "Uppdrag4_slutuppdrag.", "..\Uppdrag4_slutuppdrag\Uppdrag4_slutuppdrag\Uppdrag4_slutuppdrag..csproj", "{4DEF9CF7-CF36-47A7-A008-07E1310C0D54}"
EndProject
Global
	GlobalSection(SolutionConfigurationPlatforms) = preSolution
		Debug|Any CPU = Debug|Any CPU
		Release|Any CPU = Release|Any CPU
	EndGlobalSection
	GlobalSection(ProjectConfigurationPlatforms) = postSolution
		{4DEF9CF7-CF36-47A7-A008-07E1310C0D54}.Debug|Any CPU.ActiveCfg = Debug|Any CPU
		{4DEF9CF7-CF36-47A7-A008-07E1310C0D54}.Debug|Any CPU.Build.0 = Debug|Any CPU
		{4DEF9CF7-CF36-47A7-A008-07E1310C0D54}.Release|Any CPU.ActiveCfg = Release|Any CPU
		{4DEF9CF7-CF36-47A7-A008-07E1310C0D54}.Release|Any CPU.Build.0 = Release|Any CPU
	EndGlobalSection
	GlobalSection(SolutionProperties) = preSolution
		HideSolutionNode = FALSE
	EndGlobalSection
	GlobalSection(ExtensibilityGlobals) = postSolution
		SolutionGuid = {BC0A8E04-83D1-4879-B259-D8817DECF295}
	EndGlobalSection
EndGlobal
